
Microsoft Visual Studio Solution File, Format Version 12.00
# Visual Studio 15
VisualStudioVersion = 15.0.27703.2042
MinimumVisualStudioVersion = 10.0.40219.1
Project("{FAE04EC0-301F-11D3-BF4B-00C04F79EFBC}") = "Grades", "Grades\Grades.csproj", "{57FEE105-748F-4844-A811-0DFBC5219A8D}"
EndProject
Global
	GlobalSection(SolutionConfigurationPlatforms) = preSolution
		Debug|Any CPU = Debug|Any CPU
		Release|Any CPU = Release|Any CPU
	EndGlobalSection
	GlobalSection(ProjectConfigurationPlatforms) = postSolution
		{57FEE105-748F-4844-A811-0DFBC5219A8D}.Debug|Any CPU.ActiveCfg = Debug|Any CPU
		{57FEE105-748F-4844-A811-0DFBC5219A8D}.Debug|Any CPU.Build.0 = Debug|Any CPU
		{57FEE105-748F-4844-A811-0DFBC5219A8D}.Release|Any CPU.ActiveCfg = Release|Any CPU
		{57FEE105-748F-4844-A811-0DFBC5219A8D}.Release|Any CPU.Build.0 = Release|Any CPU
	EndGlobalSection
	GlobalSection(SolutionProperties) = preSolution
		HideSolutionNode = FALSE
	EndGlobalSection
	GlobalSection(ExtensibilityGlobals) = postSolution
		SolutionGuid = {BFD3ED62-DB3E-4999-B67A-62E85125D25D}
	EndGlobalSection
EndGlobal
